# This file is automatically @generated by Cargo.
# It is not intended for manual editing.
version = 4

[[package]]
name = "arrayvec"
version = "0.7.8"
source = "registry+https://github.com/rust-lang/crates.io-index"
checksum = "d3fb67a6e08acf24fdeccbac2cb6ac4305825bd1f117462e0e6f2f193345ad56"

[[package]]
name = "bitcoin-consensus-encoding"
version = "0.1.0"
source = "registry+https://github.com/rust-lang/crates.io-index"
checksum = "e8d7ca3dc8ff835693ad73bf1596240c06f974a31eeb3f611aaedf855f1f2725"
dependencies = [
 "bitcoin-internals 0.5.0",
]

[[package]]
name = "bitcoin-consensus-encoding"
version = "1.2.0"
source = "registry+https://github.com/rust-lang/crates.io-index"
checksum = "6712f9c6fd6785b3b270884e57c441c403dc5d7e19ca45368c97c7a1de3000ec"
dependencies = [
 "bitcoin-internals 0.6.0",
 "hex-conservative 1.2.0",
 "serde",
]

[[package]]
name = "bitcoin-internals"
version = "0.5.0"
source = "registry+https://github.com/rust-lang/crates.io-index"
checksum = "a30a22d1f112dde8e16be7b45c63645dc165cef254f835b3e1e9553e485cfa64"
dependencies = [
 "hex-conservative 0.3.2",
]

[[package]]
name = "bitcoin-internals"
version = "0.6.0"
source = "registry+https://github.com/rust-lang/crates.io-index"
checksum = "d573f4cf32996a8dce612e4348cece65a241f1882ed594047c9ba348e8869fa5"

[[package]]
name = "bitcoin-io"
version = "0.1.101"
source = "registry+https://github.com/rust-lang/crates.io-index"
checksum = "bb5de036369d1ac59d3c1819ebc4d850f89466f5401c571a285b6ed564a4cb78"
dependencies = [
 "bitcoin-consensus-encoding 1.2.0",
]

[[package]]
name = "bitcoin-io"
version = "0.5.0"
source = "registry+https://github.com/rust-lang/crates.io-index"
checksum = "f6fb823712b12e5cfccdb9a2b6a62de2dc42ddb5ec489511025eebeba1c21829"
dependencies = [
 "bitcoin-consensus-encoding 0.1.0",
 "bitcoin-internals 0.5.0",
 "bitcoin_hashes 0.20.0",
]

[[package]]
name = "bitcoin_hashes"
version = "0.14.101"
source = "registry+https://github.com/rust-lang/crates.io-index"
checksum = "bca4c7abb40c8817d77403c880988cfd484f23ab2365726afb2f798363e2c4a2"
dependencies = [
 "bitcoin-io 0.1.101",
 "hex-conservative 0.2.2",
]

[[package]]
name = "bitcoin_hashes"
version = "0.20.0"
source = "registry+https://github.com/rust-lang/crates.io-index"
checksum = "9a8a45c2b41c457a9a9e4670422fcbdf109afb3b22bc920b4045e8bdfd788a3d"
dependencies = [
 "bitcoin-consensus-encoding 0.1.0",
 "bitcoin-internals 0.5.0",
 "hex-conservative 0.3.2",
]

[[package]]
name = "cc"
version = "1.4.4"
source = "registry+https://github.com/rust-lang/crates.io-index"
checksum = "0ad534f4357a5264cce5019c989cf66a4f0dc4e0d1b1d15f8aacec0ff7360273"
dependencies = [
 "find-msvc-tools",
 "shlex",
]

[[package]]
name = "find-msvc-tools"
version = "0.1.11"
source = "registry+https://github.com/rust-lang/crates.io-index"
checksum = "d45db016d36b838f563236e9193d0ee6ce38f3f68b6c94e914b4929c96bbb890"

[[package]]
name = "foldhash"
version = "0.2.0"
source = "registry+https://github.com/rust-lang/crates.io-index"
checksum = "77ce24cb58228fbb8aa041425bb1050850ac19177686ea6e0f41a70416f56fdb"

[[package]]
name = "hashbrown"
version = "0.16.1"
source = "registry+https://github.com/rust-lang/crates.io-index"
checksum = "841d1cc9bed7f9236f321df977030373f4a4163ae1a7dbfe1a51a2c1a51d9100"
dependencies = [
 "foldhash",
]

[[package]]
name = "hex-conservative"
version = "0.2.2"
source = "registry+https://github.com/rust-lang/crates.io-index"
checksum = "fda06d18ac606267c40c04e41b9947729bf8b9efe74bd4e82b61a5f26a510b9f"
dependencies = [
 "arrayvec",
]

[[package]]
name = "hex-conservative"
version = "0.3.2"
source = "registry+https://github.com/rust-lang/crates.io-index"
checksum = "830e599c2904b08f0834ee6337d8fe8f0ed4a63b5d9e7a7f49c0ffa06d08d360"
dependencies = [
 "arrayvec",
]

[[package]]
name = "hex-conservative"
version = "1.2.0"
source = "registry+https://github.com/rust-lang/crates.io-index"
checksum = "35431185f361ccf3ffc58254628af5f1f5d5f28531da2e02e5d6c82bbc282a10"
dependencies = [
 "arrayvec",
]

[[package]]
name = "pi0-bench"
version = "0.1.0"
dependencies = [
 "bitcoin_hashes 0.14.101",
 "rustreexo",
 "secp256k1",
]

[[package]]
name = "proc-macro2"
version = "1.0.107"
source = "registry+https://github.com/rust-lang/crates.io-index"
checksum = "985e7ec9bb745e6ce6535b544d84d6cd6f7ad8bd711c398938ae983b91a766d9"
dependencies = [
 "unicode-ident",
]

[[package]]
name = "quote"
version = "1.0.47"
source = "registry+https://github.com/rust-lang/crates.io-index"
checksum = "1fbf4db142a473a8d80c26bbf18454ed458bf8d26c8219c331daecfdbd079001"
dependencies = [
 "proc-macro2",
]

[[package]]
name = "rustreexo"
version = "0.6.0"
source = "registry+https://github.com/rust-lang/crates.io-index"
checksum = "dfd192515a261e313333836d17857e2ae6cdf97d3c57f43f45804b6f657b07f0"
dependencies = [
 "bitcoin-io 0.5.0",
 "bitcoin_hashes 0.20.0",
 "foldhash",
 "hashbrown",
 "hex-conservative 1.2.0",
]

[[package]]
name = "secp256k1"
version = "0.29.1"
source = "registry+https://github.com/rust-lang/crates.io-index"
checksum = "9465315bc9d4566e1724f0fffcbcc446268cb522e60f9a27bcded6b19c108113"
dependencies = [
 "secp256k1-sys",
]

[[package]]
name = "secp256k1-sys"
version = "0.10.1"
source = "registry+https://github.com/rust-lang/crates.io-index"
checksum = "d4387882333d3aa8cb20530a17c69a3752e97837832f34f6dccc760e715001d9"
dependencies = [
 "cc",
]

[[package]]
name = "serde"
version = "1.0.229"
source = "registry+https://github.com/rust-lang/crates.io-index"
checksum = "4148590afebada386688f18773da617792bf2ef03ffc1e4cbd2b1d45b023e0ba"
dependencies = [
 "serde_core",
 "serde_derive",
]

[[package]]
name = "serde_core"
version = "1.0.229"
source = "registry+https://github.com/rust-lang/crates.io-index"
checksum = "67dca2c9c51e58a4791a4b1ed58308b39c64224d349a935ab5039aa360942a48"
dependencies = [
 "serde_derive",
]

[[package]]
name = "serde_derive"
version = "1.0.229"
source = "registry+https://github.com/rust-lang/crates.io-index"
checksum = "e7a5d71263a5a7d47b41f6b3f06ba276f10cc18b0931f1799f710578e2309348"
dependencies = [
 "proc-macro2",
 "quote",
 "syn",
]

[[package]]
name = "shlex"
version = "2.0.1"
source = "registry+https://github.com/rust-lang/crates.io-index"
checksum = "f8fadd59c855ef2080decdef8ff161eb6661b86933c9d82e5ba29dc602a55aba"

[[package]]
name = "syn"
version = "3.0.4"
source = "registry+https://github.com/rust-lang/crates.io-index"
checksum = "e6275cddf4610d1775e6d1fe9469b2e77d0f39fd98fb7450901b821e0c53649f"
dependencies = [
 "proc-macro2",
 "quote",
 "unicode-ident",
]

[[package]]
name = "unicode-ident"
version = "1.0.24"
source = "registry+https://github.com/rust-lang/crates.io-index"
checksum = "e6e4313cd5fcd3dad5cafa179702e2b244f760991f45397d14d4ebf38247da75"
